
Microsoft Visual Studio Solution File, Format Version 12.00
# Visual Studio Version 17
VisualStudioVersion = 17.8.34004.107
MinimumVisualStudioVersion = 10.0.40219.1
Project("{2150E333-8FDC-42A3-9474-1A3956D46DE8}") = "Services", "Services", "{2420F198-C077-42F1-A7AC-FD11BB3691CE}"
EndProject
Project("{2150E333-8FDC-42A3-9474-1A3956D46DE8}") = "Catalog", "Catalog", "{97FFDF87-1B30-46E5-827B-82B0A8262F0F}"
EndProject
Project("{9A19103F-16F7-4668-BE54-9A1E7A4F7556}") = "Catalog.API", "Services\Catalog\Catalog.API\Catalog.API.csproj", "{99B84397-DD12-4DF6-AC14-FA3D9D7472D3}"
EndProject
Project("{9A19103F-16F7-4668-BE54-9A1E7A4F7556}") = "Catalog.Application", "Services\Catalog\Catalog.Application\Catalog.Application.csproj", "{9D34E86C-A1C0-49F1-BAB1-D4C76BA5C36A}"
EndProject
Project("{9A19103F-16F7-4668-BE54-9A1E7A4F7556}") = "Catalog.Core", "Services\Catalog\Catalog.Core\Catalog.Core.csproj", "{632D3AA5-F227-46E0-B52E-E5581371BFA5}"
EndProject
Project("{9A19103F-16F7-4668-BE54-9A1E7A4F7556}") = "Catalog.Infrastructure", "Services\Catalog\Catalog.Infrastructure\Catalog.Infrastructure.csproj", "{EF443BEB-473B-42AF-B8D2-46BFE8FA813D}"
EndProject
Project("{2150E333-8FDC-42A3-9474-1A3956D46DE8}") = "Basket", "Basket", "{1F674BCB-AA9A-4F76-A714-4933494A57E1}"
EndProject
Project("{9A19103F-16F7-4668-BE54-9A1E7A4F7556}") = "Basket.Application", "Services\Basket\Basket.Application\Basket.Application.csproj", "{2268502E-0718-49D6-860C-593559DCEB76}"
EndProject
Project("{9A19103F-16F7-4668-BE54-9A1E7A4F7556}") = "Basket.Core", "Services\Basket\Basket.Core\Basket.Core.csproj", "{DEBEFB62-C260-4E0C-BA5E-84F6705F37E7}"
EndProject
Project("{9A19103F-16F7-4668-BE54-9A1E7A4F7556}") = "Basket.Infrastructure", "Services\Basket\Basket.Infrastructure\Basket.Infrastructure.csproj", "{C6553F16-F00E-41B8-8A2C-F5BA3FB707BB}"
EndProject
Project("{9A19103F-16F7-4668-BE54-9A1E7A4F7556}") = "Basket.API", "Services\Basket\Basket.API\Basket.API.csproj", "{00BE720A-6E5C-4697-BC76-086E48ED1277}"
EndProject
Project("{2150E333-8FDC-42A3-9474-1A3956D46DE8}") = "Discount", "Discount", "{CCD753E8-F3C3-4628-A297-C1029826D743}"
EndProject
Project("{9A19103F-16F7-4668-BE54-9A1E7A4F7556}") = "Discount.Core", "Services\Discount\Discount.Core\Discount.Core.csproj", "{7EC43E0B-54FB-415E-B2F2-AE5C6298035E}"
EndProject
Project("{9A19103F-16F7-4668-BE54-9A1E7A4F7556}") = "Discount.Application", "Services\Discount\Discount.Application\Discount.Application.csproj", "{1012A731-BE55-43A7-BC45-2CFB9F2D05ED}"
EndProject
Project("{9A19103F-16F7-4668-BE54-9A1E7A4F7556}") = "Discount.Infrastructure", "Services\Discount\Discount.Infrastructure\Discount.Infrastructure.csproj", "{5395C2BA-B891-4D71-86F9-163A4883A33A}"
EndProject
Project("{9A19103F-16F7-4668-BE54-9A1E7A4F7556}") = "Discount.API", "Services\Discount\Discount.API\Discount.API.csproj", "{756A58D2-5BBA-412F-84B5-0369892FA798}"
EndProject
Project("{2150E333-8FDC-42A3-9474-1A3956D46DE8}") = "Ordering", "Ordering", "{CF8A0896-14C4-4466-99C7-1142051B0BD8}"
EndProject
Project("{9A19103F-16F7-4668-BE54-9A1E7A4F7556}") = "Ordering.Core", "Services\Ordering\Ordering.Core\Ordering.Core.csproj", "{864B4AD8-0141-46EC-AF68-7040450FCC19}"
EndProject
Project("{9A19103F-16F7-4668-BE54-9A1E7A4F7556}") = "Ordering.Application", "Services\Ordering\Ordering.Application\Ordering.Application.csproj", "{53D92CC8-5F70-42F7-A330-ED579602996E}"
EndProject
Project("{9A19103F-16F7-4668-BE54-9A1E7A4F7556}") = "Ordering.Infrastructure", "Services\Ordering\Ordering.Infrastructure\Ordering.Infrastructure.csproj", "{C10D923F-757A-4083-B126-8D68477EA524}"
EndProject
Project("{9A19103F-16F7-4668-BE54-9A1E7A4F7556}") = "Ordering.API", "Services\Ordering\Ordering.API\Ordering.API.csproj", "{946B391A-E12D-4268-B1A2-949FAAA66770}"
EndProject
Project("{2150E333-8FDC-42A3-9474-1A3956D46DE8}") = "Infrastructure", "Infrastructure", "{4C66D756-AF45-46F3-86DA-0BA4D82AEB8B}"
EndProject
Project("{9A19103F-16F7-4668-BE54-9A1E7A4F7556}") = "EventBus.Messages", "Infrastructure\EventBus.Messages\EventBus.Messages.csproj", "{F2C5869E-E76C-494C-B007-BA721F0BFB26}"
EndProject
Project("{2150E333-8FDC-42A3-9474-1A3956D46DE8}") = "ApiGateways", "ApiGateways", "{A9EC1ACC-5502-40F8-8799-9CB68109787F}"
EndProject
Project("{FAE04EC0-301F-11D3-BF4B-00C04F79EFBC}") = "Ocelot.ApiGateway", "ApiGateways\Ocelot.ApiGateway\Ocelot.ApiGateway.csproj", "{75B52388-074C-4ED7-9116-60454E4EAC5D}"
EndProject
Project("{9A19103F-16F7-4668-BE54-9A1E7A4F7556}") = "EShopping.Identity", "Infrastructure\EShopping.Identity\EShopping.Identity.csproj", "{C97FD119-49EA-445F-8E77-4F1F178943E0}"
EndProject
Global
	GlobalSection(SolutionConfigurationPlatforms) = preSolution
		Debug|Any CPU = Debug|Any CPU
		Release|Any CPU = Release|Any CPU
	EndGlobalSection
	GlobalSection(ProjectConfigurationPlatforms) = postSolution
		{99B84397-DD12-4DF6-AC14-FA3D9D7472D3}.Debug|Any CPU.ActiveCfg = Debug|Any CPU
		{99B84397-DD12-4DF6-AC14-FA3D9D7472D3}.Debug|Any CPU.Build.0 = Debug|Any CPU
		{99B84397-DD12-4DF6-AC14-FA3D9D7472D3}.Release|Any CPU.ActiveCfg = Release|Any CPU
		{99B84397-DD12-4DF6-AC14-FA3D9D7472D3}.Release|Any CPU.Build.0 = Release|Any CPU
		{9D34E86C-A1C0-49F1-BAB1-D4C76BA5C36A}.Debug|Any CPU.ActiveCfg = Debug|Any CPU
		{9D34E86C-A1C0-49F1-BAB1-D4C76BA5C36A}.Debug|Any CPU.Build.0 = Debug|Any CPU
		{9D34E86C-A1C0-49F1-BAB1-D4C76BA5C36A}.Release|Any CPU.ActiveCfg = Release|Any CPU
		{9D34E86C-A1C0-49F1-BAB1-D4C76BA5C36A}.Release|Any CPU.Build.0 = Release|Any CPU
		{632D3AA5-F227-46E0-B52E-E5581371BFA5}.Debug|Any CPU.ActiveCfg = Debug|Any CPU
		{632D3AA5-F227-46E0-B52E-E5581371BFA5}.Debug|Any CPU.Build.0 = Debug|Any CPU
		{632D3AA5-F227-46E0-B52E-E5581371BFA5}.Release|Any CPU.ActiveCfg = Release|Any CPU
		{632D3AA5-F227-46E0-B52E-E5581371BFA5}.Release|Any CPU.Build.0 = Release|Any CPU
		{EF443BEB-473B-42AF-B8D2-46BFE8FA813D}.Debug|Any CPU.ActiveCfg = Debug|Any CPU
		{EF443BEB-473B-42AF-B8D2-46BFE8FA813D}.Debug|Any CPU.Build.0 = Debug|Any CPU
		{EF443BEB-473B-42AF-B8D2-46BFE8FA813D}.Release|Any CPU.ActiveCfg = Release|Any CPU
		{EF443BEB-473B-42AF-B8D2-46BFE8FA813D}.Release|Any CPU.Build.0 = Release|Any CPU
		{2268502E-0718-49D6-860C-593559DCEB76}.Debug|Any CPU.ActiveCfg = Debug|Any CPU
		{2268502E-0718-49D6-860C-593559DCEB76}.Debug|Any CPU.Build.0 = Debug|Any CPU
		{2268502E-0718-49D6-860C-593559DCEB76}.Release|Any CPU.ActiveCfg = Release|Any CPU
		{2268502E-0718-49D6-860C-593559DCEB76}.Release|Any CPU.Build.0 = Release|Any CPU
		{DEBEFB62-C260-4E0C-BA5E-84F6705F37E7}.Debug|Any CPU.ActiveCfg = Debug|Any CPU
		{DEBEFB62-C260-4E0C-BA5E-84F6705F37E7}.Debug|Any CPU.Build.0 = Debug|Any CPU
		{DEBEFB62-C260-4E0C-BA5E-84F6705F37E7}.Release|Any CPU.ActiveCfg = Release|Any CPU
		{DEBEFB62-C260-4E0C-BA5E-84F6705F37E7}.Release|Any CPU.Build.0 = Release|Any CPU
		{C6553F16-F00E-41B8-8A2C-F5BA3FB707BB}.Debug|Any CPU.ActiveCfg = Debug|Any CPU
		{C6553F16-F00E-41B8-8A2C-F5BA3FB707BB}.Debug|Any CPU.Build.0 = Debug|Any CPU
		{C6553F16-F00E-41B8-8A2C-F5BA3FB707BB}.Release|Any CPU.ActiveCfg = Release|Any CPU
		{C6553F16-F00E-41B8-8A2C-F5BA3FB707BB}.Release|Any CPU.Build.0 = Release|Any CPU
		{00BE720A-6E5C-4697-BC76-086E48ED1277}.Debug|Any CPU.ActiveCfg = Debug|Any CPU
		{00BE720A-6E5C-4697-BC76-086E48ED1277}.Debug|Any CPU.Build.0 = Debug|Any CPU
		{00BE720A-6E5C-4697-BC76-086E48ED1277}.Release|Any CPU.ActiveCfg = Release|Any CPU
		{00BE720A-6E5C-4697-BC76-086E48ED1277}.Release|Any CPU.Build.0 = Release|Any CPU
		{7EC43E0B-54FB-415E-B2F2-AE5C6298035E}.Debug|Any CPU.ActiveCfg = Debug|Any CPU
		{7EC43E0B-54FB-415E-B2F2-AE5C6298035E}.Debug|Any CPU.Build.0 = Debug|Any CPU
		{7EC43E0B-54FB-415E-B2F2-AE5C6298035E}.Release|Any CPU.ActiveCfg = Release|Any CPU
		{7EC43E0B-54FB-415E-B2F2-AE5C6298035E}.Release|Any CPU.Build.0 = Release|Any CPU
		{1012A731-BE55-43A7-BC45-2CFB9F2D05ED}.Debug|Any CPU.ActiveCfg = Debug|Any CPU
		{1012A731-BE55-43A7-BC45-2CFB9F2D05ED}.Debug|Any CPU.Build.0 = Debug|Any CPU
		{1012A731-BE55-43A7-BC45-2CFB9F2D05ED}.Release|Any CPU.ActiveCfg = Release|Any CPU
		{1012A731-BE55-43A7-BC45-2CFB9F2D05ED}.Release|Any CPU.Build.0 = Release|Any CPU
		{5395C2BA-B891-4D71-86F9-163A4883A33A}.Debug|Any CPU.ActiveCfg = Debug|Any CPU
		{5395C2BA-B891-4D71-86F9-163A4883A33A}.Debug|Any CPU.Build.0 = Debug|Any CPU
		{5395C2BA-B891-4D71-86F9-163A4883A33A}.Release|Any CPU.ActiveCfg = Release|Any CPU
		{5395C2BA-B891-4D71-86F9-163A4883A33A}.Release|Any CPU.Build.0 = Release|Any CPU
		{756A58D2-5BBA-412F-84B5-0369892FA798}.Debug|Any CPU.ActiveCfg = Debug|Any CPU
		{756A58D2-5BBA-412F-84B5-0369892FA798}.Debug|Any CPU.Build.0 = Debug|Any CPU
		{756A58D2-5BBA-412F-84B5-0369892FA798}.Release|Any CPU.ActiveCfg = Release|Any CPU
		{756A58D2-5BBA-412F-84B5-0369892FA798}.Release|Any CPU.Build.0 = Release|Any CPU
		{864B4AD8-0141-46EC-AF68-7040450FCC19}.Debug|Any CPU.ActiveCfg = Debug|Any CPU
		{864B4AD8-0141-46EC-AF68-7040450FCC19}.Debug|Any CPU.Build.0 = Debug|Any CPU
		{864B4AD8-0141-46EC-AF68-7040450FCC19}.Release|Any CPU.ActiveCfg = Release|Any CPU
		{864B4AD8-0141-46EC-AF68-7040450FCC19}.Release|Any CPU.Build.0 = Release|Any CPU
		{53D92CC8-5F70-42F7-A330-ED579602996E}.Debug|Any CPU.ActiveCfg = Debug|Any CPU
		{53D92CC8-5F70-42F7-A330-ED579602996E}.Debug|Any CPU.Build.0 = Debug|Any CPU
		{53D92CC8-5F70-42F7-A330-ED579602996E}.Release|Any CPU.ActiveCfg = Release|Any CPU
		{53D92CC8-5F70-42F7-A330-ED579602996E}.Release|Any CPU.Build.0 = Release|Any CPU
		{C10D923F-757A-4083-B126-8D68477EA524}.Debug|Any CPU.ActiveCfg = Debug|Any CPU
		{C10D923F-757A-4083-B126-8D68477EA524}.Debug|Any CPU.Build.0 = Debug|Any CPU
		{C10D923F-757A-4083-B126-8D68477EA524}.Release|Any CPU.ActiveCfg = Release|Any CPU
		{C10D923F-757A-4083-B126-8D68477EA524}.Release|Any CPU.Build.0 = Release|Any CPU
		{946B391A-E12D-4268-B1A2-949FAAA66770}.Debug|Any CPU.ActiveCfg = Debug|Any CPU
		{946B391A-E12D-4268-B1A2-949FAAA66770}.Debug|Any CPU.Build.0 = Debug|Any CPU
		{946B391A-E12D-4268-B1A2-949FAAA66770}.Release|Any CPU.ActiveCfg = Release|Any CPU
		{946B391A-E12D-4268-B1A2-949FAAA66770}.Release|Any CPU.Build.0 = Release|Any CPU
		{F2C5869E-E76C-494C-B007-BA721F0BFB26}.Debug|Any CPU.ActiveCfg = Debug|Any CPU
		{F2C5869E-E76C-494C-B007-BA721F0BFB26}.Debug|Any CPU.Build.0 = Debug|Any CPU
		{F2C5869E-E76C-494C-B007-BA721F0BFB26}.Release|Any CPU.ActiveCfg = Release|Any CPU
		{F2C5869E-E76C-494C-B007-BA721F0BFB26}.Release|Any CPU.Build.0 = Release|Any CPU
		{75B52388-074C-4ED7-9116-60454E4EAC5D}.Debug|Any CPU.ActiveCfg = Debug|Any CPU
		{75B52388-074C-4ED7-9116-60454E4EAC5D}.Debug|Any CPU.Build.0 = Debug|Any CPU
		{75B52388-074C-4ED7-9116-60454E4EAC5D}.Release|Any CPU.ActiveCfg = Release|Any CPU
		{75B52388-074C-4ED7-9116-60454E4EAC5D}.Release|Any CPU.Build.0 = Release|Any CPU
		{C97FD119-49EA-445F-8E77-4F1F178943E0}.Debug|Any CPU.ActiveCfg = Debug|Any CPU
		{C97FD119-49EA-445F-8E77-4F1F178943E0}.Debug|Any CPU.Build.0 = Debug|Any CPU
		{C97FD119-49EA-445F-8E77-4F1F178943E0}.Release|Any CPU.ActiveCfg = Release|Any CPU
		{C97FD119-49EA-445F-8E77-4F1F178943E0}.Release|Any CPU.Build.0 = Release|Any CPU
	EndGlobalSection
	GlobalSection(SolutionProperties) = preSolution
		HideSolutionNode = FALSE
	EndGlobalSection
	GlobalSection(NestedProjects) = preSolution
		{97FFDF87-1B30-46E5-827B-82B0A8262F0F} = {2420F198-C077-42F1-A7AC-FD11BB3691CE}
		{99B84397-DD12-4DF6-AC14-FA3D9D7472D3} = {97FFDF87-1B30-46E5-827B-82B0A8262F0F}
		{9D34E86C-A1C0-49F1-BAB1-D4C76BA5C36A} = {97FFDF87-1B30-46E5-827B-82B0A8262F0F}
		{632D3AA5-F227-46E0-B52E-E5581371BFA5} = {97FFDF87-1B30-46E5-827B-82B0A8262F0F}
		{EF443BEB-473B-42AF-B8D2-46BFE8FA813D} = {97FFDF87-1B30-46E5-827B-82B0A8262F0F}
		{1F674BCB-AA9A-4F76-A714-4933494A57E1} = {2420F198-C077-42F1-A7AC-FD11BB3691CE}
		{2268502E-0718-49D6-860C-593559DCEB76} = {1F674BCB-AA9A-4F76-A714-4933494A57E1}
		{DEBEFB62-C260-4E0C-BA5E-84F6705F37E7} = {1F674BCB-AA9A-4F76-A714-4933494A57E1}
		{C6553F16-F00E-41B8-8A2C-F5BA3FB707BB} = {1F674BCB-AA9A-4F76-A714-4933494A57E1}
		{00BE720A-6E5C-4697-BC76-086E48ED1277} = {1F674BCB-AA9A-4F76-A714-4933494A57E1}
		{CCD753E8-F3C3-4628-A297-C1029826D743} = {2420F198-C077-42F1-A7AC-FD11BB3691CE}
		{7EC43E0B-54FB-415E-B2F2-AE5C6298035E} = {CCD753E8-F3C3-4628-A297-C1029826D743}
		{1012A731-BE55-43A7-BC45-2CFB9F2D05ED} = {CCD753E8-F3C3-4628-A297-C1029826D743}
		{5395C2BA-B891-4D71-86F9-163A4883A33A} = {CCD753E8-F3C3-4628-A297-C1029826D743}
		{756A58D2-5BBA-412F-84B5-0369892FA798} = {CCD753E8-F3C3-4628-A297-C1029826D743}
		{CF8A0896-14C4-4466-99C7-1142051B0BD8} = {2420F198-C077-42F1-A7AC-FD11BB3691CE}
		{864B4AD8-0141-46EC-AF68-7040450FCC19} = {CF8A0896-14C4-4466-99C7-1142051B0BD8}
		{53D92CC8-5F70-42F7-A330-ED579602996E} = {CF8A0896-14C4-4466-99C7-1142051B0BD8}
		{C10D923F-757A-4083-B126-8D68477EA524} = {CF8A0896-14C4-4466-99C7-1142051B0BD8}
		{946B391A-E12D-4268-B1A2-949FAAA66770} = {CF8A0896-14C4-4466-99C7-1142051B0BD8}
		{F2C5869E-E76C-494C-B007-BA721F0BFB26} = {4C66D756-AF45-46F3-86DA-0BA4D82AEB8B}
		{75B52388-074C-4ED7-9116-60454E4EAC5D} = {A9EC1ACC-5502-40F8-8799-9CB68109787F}
		{C97FD119-49EA-445F-8E77-4F1F178943E0} = {4C66D756-AF45-46F3-86DA-0BA4D82AEB8B}
	EndGlobalSection
	GlobalSection(ExtensibilityGlobals) = postSolution
		SolutionGuid = {2CB48882-1B11-46D2-B1F1-4AAA1A304067}
	EndGlobalSection
EndGlobal
