
Microsoft Visual Studio Solution File, Format Version 12.00
# Visual Studio Version 17
VisualStudioVersion = 17.8.34004.107
MinimumVisualStudioVersion = 10.0.40219.1
Project("{2150E333-8FDC-42A3-9474-1A3956D46DE8}") = "Services", "Services", "{2420F198-C077-42F1-A7AC-FD11BB3691CE}"
EndProject
Project("{2150E333-8FDC-42A3-9474-1A3956D46DE8}") = "Catalog", "Catalog", "{97FFDF87-1B30-46E5-827B-82B0A8262F0F}"
EndProject
Project("{9A19103F-16F7-4668-BE54-9A1E7A4F7556}") = "Catalog.API", "Services\Catalog\Catalog.API\Catalog.API.csproj", "{99B84397-DD12-4DF6-AC14-FA3D9D7472D3}"
EndProject
Project("{9A19103F-16F7-4668-BE54-9A1E7A4F7556}") = "Catalog.Application", "Services\Catalog\Catalog.Application\Catalog.Application.csproj", "{9D34E86C-A1C0-49F1-BAB1-D4C76BA5C36A}"
EndProject
Project("{9A19103F-16F7-4668-BE54-9A1E7A4F7556}") = "Catalog.Core", "Services\Catalog\Catalog.Core\Catalog.Core.csproj", "{632D3AA5-F227-46E0-B52E-E5581371BFA5}"
EndProject
Project("{9A19103F-16F7-4668-BE54-9A1E7A4F7556}") = "Catalog.Infrastructure", "Services\Catalog\Catalog.Infrastructure\Catalog.Infrastructure.csproj", "{EF443BEB-473B-42AF-B8D2-46BFE8FA813D}"
EndProject
Project("{2150E333-8FDC-42A3-9474-1A3956D46DE8}") = "Basket", "Basket", "{1F674BCB-AA9A-4F76-A714-4933494A57E1}"
EndProject
Project("{FAE04EC0-301F-11D3-BF4B-00C04F79EFBC}") = "Basket.Application", "Services\Basket\Basket.Application\Basket.Application.csproj", "{2268502E-0718-49D6-860C-593559DCEB76}"
EndProject
Project("{FAE04EC0-301F-11D3-BF4B-00C04F79EFBC}") = "Basket.Core", "Services\Basket\Basket.Core\Basket.Core.csproj", "{DEBEFB62-C260-4E0C-BA5E-84F6705F37E7}"
EndProject
Project("{FAE04EC0-301F-11D3-BF4B-00C04F79EFBC}") = "Basket.Infrastructure", "Services\Basket\Basket.Infrastructure\Basket.Infrastructure.csproj", "{C6553F16-F00E-41B8-8A2C-F5BA3FB707BB}"
EndProject
Project("{FAE04EC0-301F-11D3-BF4B-00C04F79EFBC}") = "Basket.API", "Services\Basket\Basket.API\Basket.API.csproj", "{00BE720A-6E5C-4697-BC76-086E48ED1277}"
EndProject
Project("{2150E333-8FDC-42A3-9474-1A3956D46DE8}") = "Discount", "Discount", "{CCD753E8-F3C3-4628-A297-C1029826D743}"
EndProject
Project("{FAE04EC0-301F-11D3-BF4B-00C04F79EFBC}") = "Discount.Core", "Services\Discount\Discount.Core\Discount.Core.csproj", "{7EC43E0B-54FB-415E-B2F2-AE5C6298035E}"
EndProject
Project("{FAE04EC0-301F-11D3-BF4B-00C04F79EFBC}") = "Discount.Application", "Services\Discount\Discount.Application\Discount.Application.csproj", "{1012A731-BE55-43A7-BC45-2CFB9F2D05ED}"
EndProject
Project("{FAE04EC0-301F-11D3-BF4B-00C04F79EFBC}") = "Discount.Infrastructure", "Services\Discount\Discount.Infrastructure\Discount.Infrastructure.csproj", "{5395C2BA-B891-4D71-86F9-163A4883A33A}"
EndProject
Project("{FAE04EC0-301F-11D3-BF4B-00C04F79EFBC}") = "Discount.API", "Services\Discount\Discount.API\Discount.API.csproj", "{756A58D2-5BBA-412F-84B5-0369892FA798}"
EndProject
Global
	GlobalSection(SolutionConfigurationPlatforms) = preSolution
		Debug|Any CPU = Debug|Any CPU
		Release|Any CPU = Release|Any CPU
	EndGlobalSection
	GlobalSection(ProjectConfigurationPlatforms) = postSolution
		{99B84397-DD12-4DF6-AC14-FA3D9D7472D3}.Debug|Any CPU.ActiveCfg = Debug|Any CPU
		{99B84397-DD12-4DF6-AC14-FA3D9D7472D3}.Debug|Any CPU.Build.0 = Debug|Any CPU
		{99B84397-DD12-4DF6-AC14-FA3D9D7472D3}.Release|Any CPU.ActiveCfg = Release|Any CPU
		{99B84397-DD12-4DF6-AC14-FA3D9D7472D3}.Release|Any CPU.Build.0 = Release|Any CPU
		{9D34E86C-A1C0-49F1-BAB1-D4C76BA5C36A}.Debug|Any CPU.ActiveCfg = Debug|Any CPU
		{9D34E86C-A1C0-49F1-BAB1-D4C76BA5C36A}.Debug|Any CPU.Build.0 = Debug|Any CPU
		{9D34E86C-A1C0-49F1-BAB1-D4C76BA5C36A}.Release|Any CPU.ActiveCfg = Release|Any CPU
		{9D34E86C-A1C0-49F1-BAB1-D4C76BA5C36A}.Release|Any CPU.Build.0 = Release|Any CPU
		{632D3AA5-F227-46E0-B52E-E5581371BFA5}.Debug|Any CPU.ActiveCfg = Debug|Any CPU
		{632D3AA5-F227-46E0-B52E-E5581371BFA5}.Debug|Any CPU.Build.0 = Debug|Any CPU
		{632D3AA5-F227-46E0-B52E-E5581371BFA5}.Release|Any CPU.ActiveCfg = Release|Any CPU
		{632D3AA5-F227-46E0-B52E-E5581371BFA5}.Release|Any CPU.Build.0 = Release|Any CPU
		{EF443BEB-473B-42AF-B8D2-46BFE8FA813D}.Debug|Any CPU.ActiveCfg = Debug|Any CPU
		{EF443BEB-473B-42AF-B8D2-46BFE8FA813D}.Debug|Any CPU.Build.0 = Debug|Any CPU
		{EF443BEB-473B-42AF-B8D2-46BFE8FA813D}.Release|Any CPU.ActiveCfg = Release|Any CPU
		{EF443BEB-473B-42AF-B8D2-46BFE8FA813D}.Release|Any CPU.Build.0 = Release|Any CPU
		{2268502E-0718-49D6-860C-593559DCEB76}.Debug|Any CPU.ActiveCfg = Debug|Any CPU
		{2268502E-0718-49D6-860C-593559DCEB76}.Debug|Any CPU.Build.0 = Debug|Any CPU
		{2268502E-0718-49D6-860C-593559DCEB76}.Release|Any CPU.ActiveCfg = Release|Any CPU
		{2268502E-0718-49D6-860C-593559DCEB76}.Release|Any CPU.Build.0 = Release|Any CPU
		{DEBEFB62-C260-4E0C-BA5E-84F6705F37E7}.Debug|Any CPU.ActiveCfg = Debug|Any CPU
		{DEBEFB62-C260-4E0C-BA5E-84F6705F37E7}.Debug|Any CPU.Build.0 = Debug|Any CPU
		{DEBEFB62-C260-4E0C-BA5E-84F6705F37E7}.Release|Any CPU.ActiveCfg = Release|Any CPU
		{DEBEFB62-C260-4E0C-BA5E-84F6705F37E7}.Release|Any CPU.Build.0 = Release|Any CPU
		{C6553F16-F00E-41B8-8A2C-F5BA3FB707BB}.Debug|Any CPU.ActiveCfg = Debug|Any CPU
		{C6553F16-F00E-41B8-8A2C-F5BA3FB707BB}.Debug|Any CPU.Build.0 = Debug|Any CPU
		{C6553F16-F00E-41B8-8A2C-F5BA3FB707BB}.Release|Any CPU.ActiveCfg = Release|Any CPU
		{C6553F16-F00E-41B8-8A2C-F5BA3FB707BB}.Release|Any CPU.Build.0 = Release|Any CPU
		{00BE720A-6E5C-4697-BC76-086E48ED1277}.Debug|Any CPU.ActiveCfg = Debug|Any CPU
		{00BE720A-6E5C-4697-BC76-086E48ED1277}.Debug|Any CPU.Build.0 = Debug|Any CPU
		{00BE720A-6E5C-4697-BC76-086E48ED1277}.Release|Any CPU.ActiveCfg = Release|Any CPU
		{00BE720A-6E5C-4697-BC76-086E48ED1277}.Release|Any CPU.Build.0 = Release|Any CPU
		{7EC43E0B-54FB-415E-B2F2-AE5C6298035E}.Debug|Any CPU.ActiveCfg = Debug|Any CPU
		{7EC43E0B-54FB-415E-B2F2-AE5C6298035E}.Debug|Any CPU.Build.0 = Debug|Any CPU
		{7EC43E0B-54FB-415E-B2F2-AE5C6298035E}.Release|Any CPU.ActiveCfg = Release|Any CPU
		{7EC43E0B-54FB-415E-B2F2-AE5C6298035E}.Release|Any CPU.Build.0 = Release|Any CPU
		{1012A731-BE55-43A7-BC45-2CFB9F2D05ED}.Debug|Any CPU.ActiveCfg = Debug|Any CPU
		{1012A731-BE55-43A7-BC45-2CFB9F2D05ED}.Debug|Any CPU.Build.0 = Debug|Any CPU
		{1012A731-BE55-43A7-BC45-2CFB9F2D05ED}.Release|Any CPU.ActiveCfg = Release|Any CPU
		{1012A731-BE55-43A7-BC45-2CFB9F2D05ED}.Release|Any CPU.Build.0 = Release|Any CPU
		{5395C2BA-B891-4D71-86F9-163A4883A33A}.Debug|Any CPU.ActiveCfg = Debug|Any CPU
		{5395C2BA-B891-4D71-86F9-163A4883A33A}.Debug|Any CPU.Build.0 = Debug|Any CPU
		{5395C2BA-B891-4D71-86F9-163A4883A33A}.Release|Any CPU.ActiveCfg = Release|Any CPU
		{5395C2BA-B891-4D71-86F9-163A4883A33A}.Release|Any CPU.Build.0 = Release|Any CPU
		{756A58D2-5BBA-412F-84B5-0369892FA798}.Debug|Any CPU.ActiveCfg = Debug|Any CPU
		{756A58D2-5BBA-412F-84B5-0369892FA798}.Debug|Any CPU.Build.0 = Debug|Any CPU
		{756A58D2-5BBA-412F-84B5-0369892FA798}.Release|Any CPU.ActiveCfg = Release|Any CPU
		{756A58D2-5BBA-412F-84B5-0369892FA798}.Release|Any CPU.Build.0 = Release|Any CPU
	EndGlobalSection
	GlobalSection(SolutionProperties) = preSolution
		HideSolutionNode = FALSE
	EndGlobalSection
	GlobalSection(NestedProjects) = preSolution
		{97FFDF87-1B30-46E5-827B-82B0A8262F0F} = {2420F198-C077-42F1-A7AC-FD11BB3691CE}
		{99B84397-DD12-4DF6-AC14-FA3D9D7472D3} = {97FFDF87-1B30-46E5-827B-82B0A8262F0F}
		{9D34E86C-A1C0-49F1-BAB1-D4C76BA5C36A} = {97FFDF87-1B30-46E5-827B-82B0A8262F0F}
		{632D3AA5-F227-46E0-B52E-E5581371BFA5} = {97FFDF87-1B30-46E5-827B-82B0A8262F0F}
		{EF443BEB-473B-42AF-B8D2-46BFE8FA813D} = {97FFDF87-1B30-46E5-827B-82B0A8262F0F}
		{1F674BCB-AA9A-4F76-A714-4933494A57E1} = {2420F198-C077-42F1-A7AC-FD11BB3691CE}
		{2268502E-0718-49D6-860C-593559DCEB76} = {1F674BCB-AA9A-4F76-A714-4933494A57E1}
		{DEBEFB62-C260-4E0C-BA5E-84F6705F37E7} = {1F674BCB-AA9A-4F76-A714-4933494A57E1}
		{C6553F16-F00E-41B8-8A2C-F5BA3FB707BB} = {1F674BCB-AA9A-4F76-A714-4933494A57E1}
		{00BE720A-6E5C-4697-BC76-086E48ED1277} = {1F674BCB-AA9A-4F76-A714-4933494A57E1}
		{CCD753E8-F3C3-4628-A297-C1029826D743} = {2420F198-C077-42F1-A7AC-FD11BB3691CE}
		{7EC43E0B-54FB-415E-B2F2-AE5C6298035E} = {CCD753E8-F3C3-4628-A297-C1029826D743}
		{1012A731-BE55-43A7-BC45-2CFB9F2D05ED} = {CCD753E8-F3C3-4628-A297-C1029826D743}
		{5395C2BA-B891-4D71-86F9-163A4883A33A} = {CCD753E8-F3C3-4628-A297-C1029826D743}
		{756A58D2-5BBA-412F-84B5-0369892FA798} = {CCD753E8-F3C3-4628-A297-C1029826D743}
	EndGlobalSection
	GlobalSection(ExtensibilityGlobals) = postSolution
		SolutionGuid = {2CB48882-1B11-46D2-B1F1-4AAA1A304067}
	EndGlobalSection
EndGlobal
